
Microsoft Visual Studio Solution File, Format Version 12.00
# Visual Studio 15
Project("{FAE04EC0-301F-11D3-BF4B-00C04F79EFBC}") = "Assembly-CSharp", "Assembly-CSharp.csproj", "{007935FE-2D56-1004-EDEE-576969730EBB}"
EndProject
Project("{FAE04EC0-301F-11D3-BF4B-00C04F79EFBC}") = "Assembly-CSharp-Editor", "Assembly-CSharp-Editor.csproj", "{6257E95B-FCA3-5E4A-9D94-E76D3498CF80}"
EndProject
Global
	GlobalSection(SolutionConfigurationPlatforms) = preSolution
		Debug|Any CPU = Debug|Any CPU
		Release|Any CPU = Release|Any CPU
	EndGlobalSection
	GlobalSection(ProjectConfigurationPlatforms) = postSolution
		{007935FE-2D56-1004-EDEE-576969730EBB}.Debug|Any CPU.ActiveCfg = Debug|Any CPU
		{007935FE-2D56-1004-EDEE-576969730EBB}.Debug|Any CPU.Build.0 = Debug|Any CPU
		{007935FE-2D56-1004-EDEE-576969730EBB}.Release|Any CPU.ActiveCfg = Release|Any CPU
		{007935FE-2D56-1004-EDEE-576969730EBB}.Release|Any CPU.Build.0 = Release|Any CPU
		{6257E95B-FCA3-5E4A-9D94-E76D3498CF80}.Debug|Any CPU.ActiveCfg = Debug|Any CPU
		{6257E95B-FCA3-5E4A-9D94-E76D3498CF80}.Debug|Any CPU.Build.0 = Debug|Any CPU
		{6257E95B-FCA3-5E4A-9D94-E76D3498CF80}.Release|Any CPU.ActiveCfg = Release|Any CPU
		{6257E95B-FCA3-5E4A-9D94-E76D3498CF80}.Release|Any CPU.Build.0 = Release|Any CPU
	EndGlobalSection
	GlobalSection(SolutionProperties) = preSolution
		HideSolutionNode = FALSE
	EndGlobalSection
EndGlobal
