
Microsoft Visual Studio Solution File, Format Version 12.00
# Visual Studio 15
Project("{FAE04EC0-301F-11D3-BF4B-00C04F79EFBC}") = "Assembly-CSharp", "Assembly-CSharp.csproj", "{465A12E5-0917-F68F-5DAA-36E0DFB33C2E}"
EndProject
Project("{FAE04EC0-301F-11D3-BF4B-00C04F79EFBC}") = "Assembly-CSharp-Editor", "Assembly-CSharp-Editor.csproj", "{C280C01B-9BFA-8932-515B-959385059F1E}"
EndProject
Global
	GlobalSection(SolutionConfigurationPlatforms) = preSolution
		Debug|Any CPU = Debug|Any CPU
		Release|Any CPU = Release|Any CPU
	EndGlobalSection
	GlobalSection(ProjectConfigurationPlatforms) = postSolution
		{465A12E5-0917-F68F-5DAA-36E0DFB33C2E}.Debug|Any CPU.ActiveCfg = Debug|Any CPU
		{465A12E5-0917-F68F-5DAA-36E0DFB33C2E}.Debug|Any CPU.Build.0 = Debug|Any CPU
		{465A12E5-0917-F68F-5DAA-36E0DFB33C2E}.Release|Any CPU.ActiveCfg = Release|Any CPU
		{465A12E5-0917-F68F-5DAA-36E0DFB33C2E}.Release|Any CPU.Build.0 = Release|Any CPU
		{C280C01B-9BFA-8932-515B-959385059F1E}.Debug|Any CPU.ActiveCfg = Debug|Any CPU
		{C280C01B-9BFA-8932-515B-959385059F1E}.Debug|Any CPU.Build.0 = Debug|Any CPU
		{C280C01B-9BFA-8932-515B-959385059F1E}.Release|Any CPU.ActiveCfg = Release|Any CPU
		{C280C01B-9BFA-8932-515B-959385059F1E}.Release|Any CPU.Build.0 = Release|Any CPU
	EndGlobalSection
	GlobalSection(SolutionProperties) = preSolution
		HideSolutionNode = FALSE
	EndGlobalSection
EndGlobal
