
Microsoft Visual Studio Solution File, Format Version 12.00
# Visual Studio 15
Project("{FAE04EC0-301F-11D3-BF4B-00C04F79EFBC}") = "Assembly-CSharp", "Assembly-CSharp.csproj", "{D603ED95-84B0-50E2-3883-320A6A1FF7E0}"
EndProject
Project("{FAE04EC0-301F-11D3-BF4B-00C04F79EFBC}") = "Assembly-CSharp-firstpass", "Assembly-CSharp-firstpass.csproj", "{1CAFA4AE-95E6-4564-3572-4C556030505A}"
EndProject
Global
	GlobalSection(SolutionConfigurationPlatforms) = preSolution
		Debug|Any CPU = Debug|Any CPU
		Release|Any CPU = Release|Any CPU
	EndGlobalSection
	GlobalSection(ProjectConfigurationPlatforms) = postSolution
		{D603ED95-84B0-50E2-3883-320A6A1FF7E0}.Debug|Any CPU.ActiveCfg = Debug|Any CPU
		{D603ED95-84B0-50E2-3883-320A6A1FF7E0}.Debug|Any CPU.Build.0 = Debug|Any CPU
		{D603ED95-84B0-50E2-3883-320A6A1FF7E0}.Release|Any CPU.ActiveCfg = Release|Any CPU
		{D603ED95-84B0-50E2-3883-320A6A1FF7E0}.Release|Any CPU.Build.0 = Release|Any CPU
		{1CAFA4AE-95E6-4564-3572-4C556030505A}.Debug|Any CPU.ActiveCfg = Debug|Any CPU
		{1CAFA4AE-95E6-4564-3572-4C556030505A}.Debug|Any CPU.Build.0 = Debug|Any CPU
		{1CAFA4AE-95E6-4564-3572-4C556030505A}.Release|Any CPU.ActiveCfg = Release|Any CPU
		{1CAFA4AE-95E6-4564-3572-4C556030505A}.Release|Any CPU.Build.0 = Release|Any CPU
	EndGlobalSection
	GlobalSection(SolutionProperties) = preSolution
		HideSolutionNode = FALSE
	EndGlobalSection
EndGlobal
